// !$*UTF8*$!
{
	archiveVersion = 1;
	classes = {
	};
	objectVersion = 46;
	objects = {

/* Begin PBXBuildFile section */
		C8173C54AE1DACDF9695777D /* Pods_ViewsAndTests.framework in Frameworks */ = {isa = PBXBuildFile; fileRef = 517A88BA13A66279388F5BC0 /* Pods_ViewsAndTests.framework */; };
		D92870721EFF3FEB00D59083 /* MainViewTests.swift in Sources */ = {isa = PBXBuildFile; fileRef = D92870711EFF3FEB00D59083 /* MainViewTests.swift */; };
		D92870741EFF402A00D59083 /* MainVCTests.swift in Sources */ = {isa = PBXBuildFile; fileRef = D92870731EFF402A00D59083 /* MainVCTests.swift */; };
		D99505971EF9F8A500B135E1 /* AppDelegate.swift in Sources */ = {isa = PBXBuildFile; fileRef = D99505961EF9F8A500B135E1 /* AppDelegate.swift */; };
		D99505991EF9F8A500B135E1 /* MainVC.swift in Sources */ = {isa = PBXBuildFile; fileRef = D99505981EF9F8A500B135E1 /* MainVC.swift */; };
		D995059E1EF9F8A500B135E1 /* Assets.xcassets in Resources */ = {isa = PBXBuildFile; fileRef = D995059D1EF9F8A500B135E1 /* Assets.xcassets */; };
		D99505A11EF9F8A500B135E1 /* LaunchScreen.storyboard in Resources */ = {isa = PBXBuildFile; fileRef = D995059F1EF9F8A500B135E1 /* LaunchScreen.storyboard */; };
		D99505C51EF9F9CC00B135E1 /* MainView.swift in Sources */ = {isa = PBXBuildFile; fileRef = D99505C41EF9F9CC00B135E1 /* MainView.swift */; };
/* End PBXBuildFile section */

/* Begin PBXContainerItemProxy section */
		D928706C1EFF3F7B00D59083 /* PBXContainerItemProxy */ = {
			isa = PBXContainerItemProxy;
			containerPortal = D995058B1EF9F8A500B135E1 /* Project object */;
			proxyType = 1;
			remoteGlobalIDString = D99505921EF9F8A500B135E1;
			remoteInfo = ViewsAndTests;
		};
/* End PBXContainerItemProxy section */

/* Begin PBXFileReference section */
		517A88BA13A66279388F5BC0 /* Pods_ViewsAndTests.framework */ = {isa = PBXFileReference; explicitFileType = wrapper.framework; includeInIndex = 0; path = Pods_ViewsAndTests.framework; sourceTree = BUILT_PRODUCTS_DIR; };
		6122B11354F6AB5576FF0168 /* Pods-ViewsAndTests.debug.xcconfig */ = {isa = PBXFileReference; includeInIndex = 1; lastKnownFileType = text.xcconfig; name = "Pods-ViewsAndTests.debug.xcconfig"; path = "Pods/Target Support Files/Pods-ViewsAndTests/Pods-ViewsAndTests.debug.xcconfig"; sourceTree = "<group>"; };
		C3585B9EBE6B84B8EC5BA495 /* Pods-ViewsAndTests.release.xcconfig */ = {isa = PBXFileReference; includeInIndex = 1; lastKnownFileType = text.xcconfig; name = "Pods-ViewsAndTests.release.xcconfig"; path = "Pods/Target Support Files/Pods-ViewsAndTests/Pods-ViewsAndTests.release.xcconfig"; sourceTree = "<group>"; };
		D92870671EFF3F7B00D59083 /* Tests.xctest */ = {isa = PBXFileReference; explicitFileType = wrapper.cfbundle; includeInIndex = 0; path = Tests.xctest; sourceTree = BUILT_PRODUCTS_DIR; };
		D928706B1EFF3F7B00D59083 /* Info.plist */ = {isa = PBXFileReference; lastKnownFileType = text.plist.xml; path = Info.plist; sourceTree = "<group>"; };
		D92870711EFF3FEB00D59083 /* MainViewTests.swift */ = {isa = PBXFileReference; fileEncoding = 4; lastKnownFileType = sourcecode.swift; path = MainViewTests.swift; sourceTree = "<group>"; };
		D92870731EFF402A00D59083 /* MainVCTests.swift */ = {isa = PBXFileReference; fileEncoding = 4; lastKnownFileType = sourcecode.swift; path = MainVCTests.swift; sourceTree = "<group>"; };
		D99505931EF9F8A500B135E1 /* ViewsAndTests.app */ = {isa = PBXFileReference; explicitFileType = wrapper.application; includeInIndex = 0; path = ViewsAndTests.app; sourceTree = BUILT_PRODUCTS_DIR; };
		D99505961EF9F8A500B135E1 /* AppDelegate.swift */ = {isa = PBXFileReference; lastKnownFileType = sourcecode.swift; path = AppDelegate.swift; sourceTree = "<group>"; };
		D99505981EF9F8A500B135E1 /* MainVC.swift */ = {isa = PBXFileReference; lastKnownFileType = sourcecode.swift; path = MainVC.swift; sourceTree = "<group>"; };
		D995059D1EF9F8A500B135E1 /* Assets.xcassets */ = {isa = PBXFileReference; lastKnownFileType = folder.assetcatalog; path = Assets.xcassets; sourceTree = "<group>"; };
		D99505A01EF9F8A500B135E1 /* Base */ = {isa = PBXFileReference; lastKnownFileType = file.storyboard; name = Base; path = Base.lproj/LaunchScreen.storyboard; sourceTree = "<group>"; };
		D99505A21EF9F8A500B135E1 /* Info.plist */ = {isa = PBXFileReference; lastKnownFileType = text.plist.xml; path = Info.plist; sourceTree = "<group>"; };
		D99505C41EF9F9CC00B135E1 /* MainView.swift */ = {isa = PBXFileReference; fileEncoding = 4; lastKnownFileType = sourcecode.swift; path = MainView.swift; sourceTree = "<group>"; };
/* End PBXFileReference section */

/* Begin PBXFrameworksBuildPhase section */
		D92870641EFF3F7B00D59083 /* Frameworks */ = {
			isa = PBXFrameworksBuildPhase;
			buildActionMask = 2147483647;
			files = (
			);
			runOnlyForDeploymentPostprocessing = 0;
		};
		D99505901EF9F8A500B135E1 /* Frameworks */ = {
			isa = PBXFrameworksBuildPhase;
			buildActionMask = 2147483647;
			files = (
				C8173C54AE1DACDF9695777D /* Pods_ViewsAndTests.framework in Frameworks */,
			);
			runOnlyForDeploymentPostprocessing = 0;
		};
/* End PBXFrameworksBuildPhase section */

/* Begin PBXGroup section */
		566043381DB091ADC2B59FF1 /* Pods */ = {
			isa = PBXGroup;
			children = (
				6122B11354F6AB5576FF0168 /* Pods-ViewsAndTests.debug.xcconfig */,
				C3585B9EBE6B84B8EC5BA495 /* Pods-ViewsAndTests.release.xcconfig */,
			);
			name = Pods;
			sourceTree = "<group>";
		};
		5E428C2777EE71F9B9667493 /* Frameworks */ = {
			isa = PBXGroup;
			children = (
				517A88BA13A66279388F5BC0 /* Pods_ViewsAndTests.framework */,
			);
			name = Frameworks;
			sourceTree = "<group>";
		};
		D92870681EFF3F7B00D59083 /* Tests */ = {
			isa = PBXGroup;
			children = (
				D92870731EFF402A00D59083 /* MainVCTests.swift */,
				D92870711EFF3FEB00D59083 /* MainViewTests.swift */,
				D928706B1EFF3F7B00D59083 /* Info.plist */,
			);
			path = Tests;
			sourceTree = "<group>";
		};
		D995058A1EF9F8A500B135E1 = {
			isa = PBXGroup;
			children = (
				D99505951EF9F8A500B135E1 /* ViewsAndTests */,
				D92870681EFF3F7B00D59083 /* Tests */,
				D99505941EF9F8A500B135E1 /* Products */,
				566043381DB091ADC2B59FF1 /* Pods */,
				5E428C2777EE71F9B9667493 /* Frameworks */,
			);
			sourceTree = "<group>";
		};
		D99505941EF9F8A500B135E1 /* Products */ = {
			isa = PBXGroup;
			children = (
				D99505931EF9F8A500B135E1 /* ViewsAndTests.app */,
				D92870671EFF3F7B00D59083 /* Tests.xctest */,
			);
			name = Products;
			sourceTree = "<group>";
		};
		D99505951EF9F8A500B135E1 /* ViewsAndTests */ = {
			isa = PBXGroup;
			children = (
				D99505961EF9F8A500B135E1 /* AppDelegate.swift */,
				D99505981EF9F8A500B135E1 /* MainVC.swift */,
				D99505C41EF9F9CC00B135E1 /* MainView.swift */,
				D995059D1EF9F8A500B135E1 /* Assets.xcassets */,
				D995059F1EF9F8A500B135E1 /* LaunchScreen.storyboard */,
				D99505A21EF9F8A500B135E1 /* Info.plist */,
			);
			path = ViewsAndTests;
			sourceTree = "<group>";
		};
/* End PBXGroup section */

/* Begin PBXNativeTarget section */
		D92870661EFF3F7B00D59083 /* Tests */ = {
			isa = PBXNativeTarget;
			buildConfigurationList = D928706E1EFF3F7B00D59083 /* Build configuration list for PBXNativeTarget "Tests" */;
			buildPhases = (
				D92870631EFF3F7B00D59083 /* Sources */,
				D92870641EFF3F7B00D59083 /* Frameworks */,
				D92870651EFF3F7B00D59083 /* Resources */,
			);
			buildRules = (
			);
			dependencies = (
				D928706D1EFF3F7B00D59083 /* PBXTargetDependency */,
			);
			name = Tests;
			productName = Tests;
			productReference = D92870671EFF3F7B00D59083 /* Tests.xctest */;
			productType = "com.apple.product-type.bundle.unit-test";
		};
		D99505921EF9F8A500B135E1 /* ViewsAndTests */ = {
			isa = PBXNativeTarget;
			buildConfigurationList = D99505BB1EF9F8A500B135E1 /* Build configuration list for PBXNativeTarget "ViewsAndTests" */;
			buildPhases = (
				C5F74CB17B1D786370EAAE43 /* [CP] Check Pods Manifest.lock */,
				D995058F1EF9F8A500B135E1 /* Sources */,
				D99505901EF9F8A500B135E1 /* Frameworks */,
				D99505911EF9F8A500B135E1 /* Resources */,
				8E651BF0C1342161E37309BA /* [CP] Embed Pods Frameworks */,
				9FBCA6CB30609FAC9A941287 /* [CP] Copy Pods Resources */,
			);
			buildRules = (
			);
			dependencies = (
			);
			name = ViewsAndTests;
			productName = ViewsAndTests;
			productReference = D99505931EF9F8A500B135E1 /* ViewsAndTests.app */;
			productType = "com.apple.product-type.application";
		};
/* End PBXNativeTarget section */

/* Begin PBXProject section */
		D995058B1EF9F8A500B135E1 /* Project object */ = {
			isa = PBXProject;
			attributes = {
				LastSwiftUpdateCheck = 0830;
				LastUpgradeCheck = 0830;
				ORGANIZATIONNAME = "Ivan Minier";
				TargetAttributes = {
					D92870661EFF3F7B00D59083 = {
						CreatedOnToolsVersion = 8.3.3;
						DevelopmentTeam = 543V5E2ARZ;
						LastSwiftMigration = 0830;
						ProvisioningStyle = Automatic;
						TestTargetID = D99505921EF9F8A500B135E1;
					};
					D99505921EF9F8A500B135E1 = {
						CreatedOnToolsVersion = 8.3.3;
						DevelopmentTeam = 543V5E2ARZ;
						ProvisioningStyle = Automatic;
					};
				};
			};
			buildConfigurationList = D995058E1EF9F8A500B135E1 /* Build configuration list for PBXProject "ViewsAndTests" */;
			compatibilityVersion = "Xcode 3.2";
			developmentRegion = English;
			hasScannedForEncodings = 0;
			knownRegions = (
				en,
				Base,
			);
			mainGroup = D995058A1EF9F8A500B135E1;
			productRefGroup = D99505941EF9F8A500B135E1 /* Products */;
			projectDirPath = "";
			projectRoot = "";
			targets = (
				D99505921EF9F8A500B135E1 /* ViewsAndTests */,
				D92870661EFF3F7B00D59083 /* Tests */,
			);
		};
/* End PBXProject section */

/* Begin PBXResourcesBuildPhase section */
		D92870651EFF3F7B00D59083 /* Resources */ = {
			isa = PBXResourcesBuildPhase;
			buildActionMask = 2147483647;
			files = (
			);
			runOnlyForDeploymentPostprocessing = 0;
		};
		D99505911EF9F8A500B135E1 /* Resources */ = {
			isa = PBXResourcesBuildPhase;
			buildActionMask = 2147483647;
			files = (
				D99505A11EF9F8A500B135E1 /* LaunchScreen.storyboard in Resources */,
				D995059E1EF9F8A500B135E1 /* Assets.xcassets in Resources */,
			);
			runOnlyForDeploymentPostprocessing = 0;
		};
/* End PBXResourcesBuildPhase section */

/* Begin PBXShellScriptBuildPhase section */
		8E651BF0C1342161E37309BA /* [CP] Embed Pods Frameworks */ = {
			isa = PBXShellScriptBuildPhase;
			buildActionMask = 2147483647;
			files = (
			);
			inputPaths = (
			);
			name = "[CP] Embed Pods Frameworks";
			outputPaths = (
			);
			runOnlyForDeploymentPostprocessing = 0;
			shellPath = /bin/sh;
			shellScript = "\"${SRCROOT}/Pods/Target Support Files/Pods-ViewsAndTests/Pods-ViewsAndTests-frameworks.sh\"\n";
			showEnvVarsInLog = 0;
		};
		9FBCA6CB30609FAC9A941287 /* [CP] Copy Pods Resources */ = {
			isa = PBXShellScriptBuildPhase;
			buildActionMask = 2147483647;
			files = (
			);
			inputPaths = (
			);
			name = "[CP] Copy Pods Resources";
			outputPaths = (
			);
			runOnlyForDeploymentPostprocessing = 0;
			shellPath = /bin/sh;
			shellScript = "\"${SRCROOT}/Pods/Target Support Files/Pods-ViewsAndTests/Pods-ViewsAndTests-resources.sh\"\n";
			showEnvVarsInLog = 0;
		};
		C5F74CB17B1D786370EAAE43 /* [CP] Check Pods Manifest.lock */ = {
			isa = PBXShellScriptBuildPhase;
			buildActionMask = 2147483647;
			files = (
			);
			inputPaths = (
			);
			name = "[CP] Check Pods Manifest.lock";
			outputPaths = (
			);
			runOnlyForDeploymentPostprocessing = 0;
			shellPath = /bin/sh;
			shellScript = "diff \"${PODS_PODFILE_DIR_PATH}/Podfile.lock\" \"${PODS_ROOT}/Manifest.lock\" > /dev/null\nif [ $? != 0 ] ; then\n    # print error to STDERR\n    echo \"error: The sandbox is not in sync with the Podfile.lock. Run 'pod install' or update your CocoaPods installation.\" >&2\n    exit 1\nfi\n";
			showEnvVarsInLog = 0;
		};
/* End PBXShellScriptBuildPhase section */

/* Begin PBXSourcesBuildPhase section */
		D92870631EFF3F7B00D59083 /* Sources */ = {
			isa = PBXSourcesBuildPhase;
			buildActionMask = 2147483647;
			files = (
				D92870721EFF3FEB00D59083 /* MainViewTests.swift in Sources */,
				D92870741EFF402A00D59083 /* MainVCTests.swift in Sources */,
			);
			runOnlyForDeploymentPostprocessing = 0;
		};
		D995058F1EF9F8A500B135E1 /* Sources */ = {
			isa = PBXSourcesBuildPhase;
			buildActionMask = 2147483647;
			files = (
				D99505991EF9F8A500B135E1 /* MainVC.swift in Sources */,
				D99505C51EF9F9CC00B135E1 /* MainView.swift in Sources */,
				D99505971EF9F8A500B135E1 /* AppDelegate.swift in Sources */,
			);
			runOnlyForDeploymentPostprocessing = 0;
		};
/* End PBXSourcesBuildPhase section */

/* Begin PBXTargetDependency section */
		D928706D1EFF3F7B00D59083 /* PBXTargetDependency */ = {
			isa = PBXTargetDependency;
			target = D99505921EF9F8A500B135E1 /* ViewsAndTests */;
			targetProxy = D928706C1EFF3F7B00D59083 /* PBXContainerItemProxy */;
		};
/* End PBXTargetDependency section */

/* Begin PBXVariantGroup section */
		D995059F1EF9F8A500B135E1 /* LaunchScreen.storyboard */ = {
			isa = PBXVariantGroup;
			children = (
				D99505A01EF9F8A500B135E1 /* Base */,
			);
			name = LaunchScreen.storyboard;
			sourceTree = "<group>";
		};
/* End PBXVariantGroup section */

/* Begin XCBuildConfiguration section */
		D928706F1EFF3F7B00D59083 /* Debug */ = {
			isa = XCBuildConfiguration;
			buildSettings = {
				BUNDLE_LOADER = "$(TEST_HOST)";
				CLANG_ENABLE_MODULES = YES;
				DEVELOPMENT_TEAM = 543V5E2ARZ;
				INFOPLIST_FILE = Tests/Info.plist;
				LD_RUNPATH_SEARCH_PATHS = "$(inherited) @executable_path/Frameworks @loader_path/Frameworks";
				PRODUCT_BUNDLE_IDENTIFIER = com.chicresonance.Tests;
				PRODUCT_NAME = "$(TARGET_NAME)";
				SWIFT_OPTIMIZATION_LEVEL = "-Onone";
				SWIFT_VERSION = 3.0;
				TEST_HOST = "$(BUILT_PRODUCTS_DIR)/ViewsAndTests.app/ViewsAndTests";
			};
			name = Debug;
		};
		D92870701EFF3F7B00D59083 /* Release */ = {
			isa = XCBuildConfiguration;
			buildSettings = {
				BUNDLE_LOADER = "$(TEST_HOST)";
				CLANG_ENABLE_MODULES = YES;
				DEVELOPMENT_TEAM = 543V5E2ARZ;
				INFOPLIST_FILE = Tests/Info.plist;
				LD_RUNPATH_SEARCH_PATHS = "$(inherited) @executable_path/Frameworks @loader_path/Frameworks";
				PRODUCT_BUNDLE_IDENTIFIER = com.chicresonance.Tests;
				PRODUCT_NAME = "$(TARGET_NAME)";
				SWIFT_VERSION = 3.0;
				TEST_HOST = "$(BUILT_PRODUCTS_DIR)/ViewsAndTests.app/ViewsAndTests";
			};
			name = Release;
		};
		D99505B91EF9F8A500B135E1 /* Debug */ = {
			isa = XCBuildConfiguration;
			buildSettings = {
				ALWAYS_SEARCH_USER_PATHS = NO;
				CLANG_ANALYZER_NONNULL = YES;
				CLANG_ANALYZER_NUMBER_OBJECT_CONVERSION = YES_AGGRESSIVE;
				CLANG_CXX_LANGUAGE_STANDARD = "gnu++0x";
				CLANG_CXX_LIBRARY = "libc++";
				CLANG_ENABLE_MODULES = YES;
				CLANG_ENABLE_OBJC_ARC = YES;
				CLANG_WARN_BOOL_CONVERSION = YES;
				CLANG_WARN_CONSTANT_CONVERSION = YES;
				CLANG_WARN_DIRECT_OBJC_ISA_USAGE = YES_ERROR;
				CLANG_WARN_DOCUMENTATION_COMMENTS = YES;
				CLANG_WARN_EMPTY_BODY = YES;
				CLANG_WARN_ENUM_CONVERSION = YES;
				CLANG_WARN_INFINITE_RECURSION = YES;
				CLANG_WARN_INT_CONVERSION = YES;
				CLANG_WARN_OBJC_ROOT_CLASS = YES_ERROR;
				CLANG_WARN_SUSPICIOUS_MOVE = YES;
				CLANG_WARN_UNREACHABLE_CODE = YES;
				CLANG_WARN__DUPLICATE_METHOD_MATCH = YES;
				"CODE_SIGN_IDENTITY[sdk=iphoneos*]" = "iPhone Developer";
				COPY_PHASE_STRIP = NO;
				DEBUG_INFORMATION_FORMAT = dwarf;
				ENABLE_STRICT_OBJC_MSGSEND = YES;
				ENABLE_TESTABILITY = YES;
				GCC_C_LANGUAGE_STANDARD = gnu99;
				GCC_DYNAMIC_NO_PIC = NO;
				GCC_NO_COMMON_BLOCKS = YES;
				GCC_OPTIMIZATION_LEVEL = 0;
				GCC_PREPROCESSOR_DEFINITIONS = (
					"DEBUG=1",
					"$(inherited)",
				);
				GCC_WARN_64_TO_32_BIT_CONVERSION = YES;
				GCC_WARN_ABOUT_RETURN_TYPE = YES_ERROR;
				GCC_WARN_UNDECLARED_SELECTOR = YES;
				GCC_WARN_UNINITIALIZED_AUTOS = YES_AGGRESSIVE;
				GCC_WARN_UNUSED_FUNCTION = YES;
				GCC_WARN_UNUSED_VARIABLE = YES;
				IPHONEOS_DEPLOYMENT_TARGET = 10.3;
				MTL_ENABLE_DEBUG_INFO = YES;
				ONLY_ACTIVE_ARCH = YES;
				SDKROOT = iphoneos;
				SWIFT_ACTIVE_COMPILATION_CONDITIONS = DEBUG;
				SWIFT_OPTIMIZATION_LEVEL = "-Onone";
			};
			name = Debug;
		};
		D99505BA1EF9F8A500B135E1 /* Release */ = {
			isa = XCBuildConfiguration;
			buildSettings = {
				ALWAYS_SEARCH_USER_PATHS = NO;
				CLANG_ANALYZER_NONNULL = YES;
				CLANG_ANALYZER_NUMBER_OBJECT_CONVERSION = YES_AGGRESSIVE;
				CLANG_CXX_LANGUAGE_STANDARD = "gnu++0x";
				CLANG_CXX_LIBRARY = "libc++";
				CLANG_ENABLE_MODULES = YES;
				CLANG_ENABLE_OBJC_ARC = YES;
				CLANG_WARN_BOOL_CONVERSION = YES;
				CLANG_WARN_CONSTANT_CONVERSION = YES;
				CLANG_WARN_DIRECT_OBJC_ISA_USAGE = YES_ERROR;
				CLANG_WARN_DOCUMENTATION_COMMENTS = YES;
				CLANG_WARN_EMPTY_BODY = YES;
				CLANG_WARN_ENUM_CONVERSION = YES;
				CLANG_WARN_INFINITE_RECURSION = YES;
				CLANG_WARN_INT_CONVERSION = YES;
				CLANG_WARN_OBJC_ROOT_CLASS = YES_ERROR;
				CLANG_WARN_SUSPICIOUS_MOVE = YES;
				CLANG_WARN_UNREACHABLE_CODE = YES;
				CLANG_WARN__DUPLICATE_METHOD_MATCH = YES;
				"CODE_SIGN_IDENTITY[sdk=iphoneos*]" = "iPhone Developer";
				COPY_PHASE_STRIP = NO;
				DEBUG_INFORMATION_FORMAT = "dwarf-with-dsym";
				ENABLE_NS_ASSERTIONS = NO;
				ENABLE_STRICT_OBJC_MSGSEND = YES;
				GCC_C_LANGUAGE_STANDARD = gnu99;
				GCC_NO_COMMON_BLOCKS = YES;
				GCC_WARN_64_TO_32_BIT_CONVERSION = YES;
				GCC_WARN_ABOUT_RETURN_TYPE = YES_ERROR;
				GCC_WARN_UNDECLARED_SELECTOR = YES;
				GCC_WARN_UNINITIALIZED_AUTOS = YES_AGGRESSIVE;
				GCC_WARN_UNUSED_FUNCTION = YES;
				GCC_WARN_UNUSED_VARIABLE = YES;
				IPHONEOS_DEPLOYMENT_TARGET = 10.3;
				MTL_ENABLE_DEBUG_INFO = NO;
				SDKROOT = iphoneos;
				SWIFT_OPTIMIZATION_LEVEL = "-Owholemodule";
				VALIDATE_PRODUCT = YES;
			};
			name = Release;
		};
		D99505BC1EF9F8A500B135E1 /* Debug */ = {
			isa = XCBuildConfiguration;
			baseConfigurationReference = 6122B11354F6AB5576FF0168 /* Pods-ViewsAndTests.debug.xcconfig */;
			buildSettings = {
				ASSETCATALOG_COMPILER_APPICON_NAME = AppIcon;
				DEVELOPMENT_TEAM = 543V5E2ARZ;
				INFOPLIST_FILE = ViewsAndTests/Info.plist;
				LD_RUNPATH_SEARCH_PATHS = "$(inherited) @executable_path/Frameworks";
				PRODUCT_BUNDLE_IDENTIFIER = com.chicresonance.ViewsAndTests;
				PRODUCT_NAME = "$(TARGET_NAME)";
				SWIFT_VERSION = 3.0;
			};
			name = Debug;
		};
		D99505BD1EF9F8A500B135E1 /* Release */ = {
			isa = XCBuildConfiguration;
			baseConfigurationReference = C3585B9EBE6B84B8EC5BA495 /* Pods-ViewsAndTests.release.xcconfig */;
			buildSettings = {
				ASSETCATALOG_COMPILER_APPICON_NAME = AppIcon;
				DEVELOPMENT_TEAM = 543V5E2ARZ;
				INFOPLIST_FILE = ViewsAndTests/Info.plist;
				LD_RUNPATH_SEARCH_PATHS = "$(inherited) @executable_path/Frameworks";
				PRODUCT_BUNDLE_IDENTIFIER = com.chicresonance.ViewsAndTests;
				PRODUCT_NAME = "$(TARGET_NAME)";
				SWIFT_VERSION = 3.0;
			};
			name = Release;
		};
/* End XCBuildConfiguration section */

/* Begin XCConfigurationList section */
		D928706E1EFF3F7B00D59083 /* Build configuration list for PBXNativeTarget "Tests" */ = {
			isa = XCConfigurationList;
			buildConfigurations = (
				D928706F1EFF3F7B00D59083 /* Debug */,
				D92870701EFF3F7B00D59083 /* Release */,
			);
			defaultConfigurationIsVisible = 0;
		};
		D995058E1EF9F8A500B135E1 /* Build configuration list for PBXProject "ViewsAndTests" */ = {
			isa = XCConfigurationList;
			buildConfigurations = (
				D99505B91EF9F8A500B135E1 /* Debug */,
				D99505BA1EF9F8A500B135E1 /* Release */,
			);
			defaultConfigurationIsVisible = 0;
			defaultConfigurationName = Release;
		};
		D99505BB1EF9F8A500B135E1 /* Build configuration list for PBXNativeTarget "ViewsAndTests" */ = {
			isa = XCConfigurationList;
			buildConfigurations = (
				D99505BC1EF9F8A500B135E1 /* Debug */,
				D99505BD1EF9F8A500B135E1 /* Release */,
			);
			defaultConfigurationIsVisible = 0;
			defaultConfigurationName = Release;
		};
/* End XCConfigurationList section */
	};
	rootObject = D995058B1EF9F8A500B135E1 /* Project object */;
}
